{
  "name": "bugbash",
  "lockfileVersion": 2,
  "requires": true,
  "packages": {
    "": {
      "dependencies": {
        "vue-google-signin-button-directive": "^1.0.3",
        "vue-router": "^3.5.1"
      }
    },
    "node_modules/vue-google-signin-button-directive": {
      "version": "1.0.3",
      "resolved": "https://registry.npmjs.org/vue-google-signin-button-directive/-/vue-google-signin-button-directive-1.0.3.tgz",
      "integrity": "sha512-S2gG+Zu+E+B/IoyXfbz/AixVrvZhnXU+G83bTtzhUAO9RaMg597G3XUpZOHHdgWBc/Szys/kHSbPXlONjR4wjQ=="
    },
    "node_modules/vue-router": {
      "version": "3.5.1",
      "resolved": "https://registry.npmjs.org/vue-router/-/vue-router-3.5.1.tgz",
      "integrity": "sha512-RRQNLT8Mzr8z7eL4p7BtKvRaTSGdCbTy2+Mm5HTJvLGYSSeG9gDzNasJPP/yOYKLy+/cLG/ftrqq5fvkFwBJEw=="
    }
  },
  "dependencies": {
    "vue-google-signin-button-directive": {
      "version": "1.0.3",
      "resolved": "https://registry.npmjs.org/vue-google-signin-button-directive/-/vue-google-signin-button-directive-1.0.3.tgz",
      "integrity": "sha512-S2gG+Zu+E+B/IoyXfbz/AixVrvZhnXU+G83bTtzhUAO9RaMg597G3XUpZOHHdgWBc/Szys/kHSbPXlONjR4wjQ=="
    },
    "vue-router": {
      "version": "3.5.1",
      "resolved": "https://registry.npmjs.org/vue-router/-/vue-router-3.5.1.tgz",
      "integrity": "sha512-RRQNLT8Mzr8z7eL4p7BtKvRaTSGdCbTy2+Mm5HTJvLGYSSeG9gDzNasJPP/yOYKLy+/cLG/ftrqq5fvkFwBJEw=="
    }
  }
}
